
Microsoft Visual Studio Solution File, Format Version 12.00
# Visual Studio Version 17
VisualStudioVersion = 17.6.33815.320
MinimumVisualStudioVersion = 10.0.40219.1
Project("{FAE04EC0-301F-11D3-BF4B-00C04F79EFBC}") = "CinemaTickets_201519", "CinemaTickets_201519\CinemaTickets_201519.csproj", "{ECF9A7B6-0136-46E0-8ACB-31D01FE1B16C}"
EndProject
Global
	GlobalSection(SolutionConfigurationPlatforms) = preSolution
		Debug|Any CPU = Debug|Any CPU
		Release|Any CPU = Release|Any CPU
	EndGlobalSection
	GlobalSection(ProjectConfigurationPlatforms) = postSolution
		{ECF9A7B6-0136-46E0-8ACB-31D01FE1B16C}.Debug|Any CPU.ActiveCfg = Debug|Any CPU
		{ECF9A7B6-0136-46E0-8ACB-31D01FE1B16C}.Debug|Any CPU.Build.0 = Debug|Any CPU
		{ECF9A7B6-0136-46E0-8ACB-31D01FE1B16C}.Release|Any CPU.ActiveCfg = Release|Any CPU
		{ECF9A7B6-0136-46E0-8ACB-31D01FE1B16C}.Release|Any CPU.Build.0 = Release|Any CPU
	EndGlobalSection
	GlobalSection(SolutionProperties) = preSolution
		HideSolutionNode = FALSE
	EndGlobalSection
	GlobalSection(ExtensibilityGlobals) = postSolution
		SolutionGuid = {6D65B03A-C25B-4CF3-A5A4-A03337B71DFB}
	EndGlobalSection
EndGlobal
